// !$*UTF8*$!
{
	archiveVersion = 1;
	classes = {
	};
	objectVersion = 56;
	objects = {

/* Begin PBXBuildFile section */
		EF3358BD2A21316D00220527 /* ScreenSizes.swift in Sources */ = {isa = PBXBuildFile; fileRef = EF3358BC2A21316D00220527 /* ScreenSizes.swift */; };
		EF3358BF2A2131A700220527 /* ActivityIndicatorView.swift in Sources */ = {isa = PBXBuildFile; fileRef = EF3358BE2A2131A600220527 /* ActivityIndicatorView.swift */; };
		EF3358C22A2137F100220527 /* UIColor+Extension.swift in Sources */ = {isa = PBXBuildFile; fileRef = EF3358C12A2137F100220527 /* UIColor+Extension.swift */; };
		EF3358C42A213A5C00220527 /* String+Extension.swift in Sources */ = {isa = PBXBuildFile; fileRef = EF3358C32A213A5C00220527 /* String+Extension.swift */; };
		EF3358C62A21401600220527 /* NSObject+Extension.swift in Sources */ = {isa = PBXBuildFile; fileRef = EF3358C52A21401600220527 /* NSObject+Extension.swift */; };
		EF3358C82A21403C00220527 /* Colors.xcassets in Resources */ = {isa = PBXBuildFile; fileRef = EF3358C72A21403C00220527 /* Colors.xcassets */; };
		EF3358CB2A2143E200220527 /* MainNavigationController.swift in Sources */ = {isa = PBXBuildFile; fileRef = EF3358CA2A2143E200220527 /* MainNavigationController.swift */; };
		EF3358CF2A2145F100220527 /* BKSButon.swift in Sources */ = {isa = PBXBuildFile; fileRef = EF3358CE2A2145F100220527 /* BKSButon.swift */; };
		EF3358D12A219BBD00220527 /* GenericPlaceholderView.swift in Sources */ = {isa = PBXBuildFile; fileRef = EF3358D02A219BBD00220527 /* GenericPlaceholderView.swift */; };
		EF3358D32A219CCD00220527 /* BKSCardView.swift in Sources */ = {isa = PBXBuildFile; fileRef = EF3358D22A219CCD00220527 /* BKSCardView.swift */; };
		EF3358D82A2521C500220527 /* HighlightsTableViewCell.swift in Sources */ = {isa = PBXBuildFile; fileRef = EF3358D72A2521C500220527 /* HighlightsTableViewCell.swift */; };
		EF3358DA2A2523BA00220527 /* HighlightsCarouselFlowLayout.swift in Sources */ = {isa = PBXBuildFile; fileRef = EF3358D92A2523BA00220527 /* HighlightsCarouselFlowLayout.swift */; };
		EF3358DC2A25492600220527 /* ListItemTableViewCell.swift in Sources */ = {isa = PBXBuildFile; fileRef = EF3358DB2A25492600220527 /* ListItemTableViewCell.swift */; };
		EF3358DF2A25741700220527 /* Book.swift in Sources */ = {isa = PBXBuildFile; fileRef = EF3358DE2A25741700220527 /* Book.swift */; };
		EF3358E12A2577DA00220527 /* BestSellers.swift in Sources */ = {isa = PBXBuildFile; fileRef = EF3358E02A2577DA00220527 /* BestSellers.swift */; };
		EF3358E32A25807C00220527 /* HighlightCollectionViewCell.swift in Sources */ = {isa = PBXBuildFile; fileRef = EF3358E22A25807C00220527 /* HighlightCollectionViewCell.swift */; };
		EF3358E52A258B3B00220527 /* HighlightsHeaderViewCell.swift in Sources */ = {isa = PBXBuildFile; fileRef = EF3358E42A258B3B00220527 /* HighlightsHeaderViewCell.swift */; };
		EF3358E72A258B8300220527 /* ListItemsHeaderViewCell.swift in Sources */ = {isa = PBXBuildFile; fileRef = EF3358E62A258B8300220527 /* ListItemsHeaderViewCell.swift */; };
		EF3358E92A259CAC00220527 /* ImageProvider.swift in Sources */ = {isa = PBXBuildFile; fileRef = EF3358E82A259CAC00220527 /* ImageProvider.swift */; };
		EF3358EB2A28330800220527 /* MainService.swift in Sources */ = {isa = PBXBuildFile; fileRef = EF3358EA2A28330800220527 /* MainService.swift */; };
		EF3358EE2A28404100220527 /* BookListService.swift in Sources */ = {isa = PBXBuildFile; fileRef = EF3358ED2A28404100220527 /* BookListService.swift */; };
		EF3358F02A2E832700220527 /* RequestLogUtil.swift in Sources */ = {isa = PBXBuildFile; fileRef = EF3358EF2A2E832700220527 /* RequestLogUtil.swift */; };
		EF3358F22A2E847700220527 /* Date+Extension.swift in Sources */ = {isa = PBXBuildFile; fileRef = EF3358F12A2E847700220527 /* Date+Extension.swift */; };
		EF3358F42A2E970C00220527 /* UrlFactoryUtil.swift in Sources */ = {isa = PBXBuildFile; fileRef = EF3358F32A2E970C00220527 /* UrlFactoryUtil.swift */; };
		EF3358FA2A2EBB7700220527 /* BaseViewController.swift in Sources */ = {isa = PBXBuildFile; fileRef = EF3358F92A2EBB7700220527 /* BaseViewController.swift */; };
		EF3358FC2A2EBE8000220527 /* LoadingTableViewCell.swift in Sources */ = {isa = PBXBuildFile; fileRef = EF3358FB2A2EBE8000220527 /* LoadingTableViewCell.swift */; };
		EF3358FE2A2FECF200220527 /* KeychainHelper.swift in Sources */ = {isa = PBXBuildFile; fileRef = EF3358FD2A2FECF200220527 /* KeychainHelper.swift */; };
		EF3359002A3027B200220527 /* EmptyListTableViewCell.swift in Sources */ = {isa = PBXBuildFile; fileRef = EF3358FF2A3027B200220527 /* EmptyListTableViewCell.swift */; };
		EF3359082A4BAC1300220527 /* TabBarViewController.swift in Sources */ = {isa = PBXBuildFile; fileRef = EF3359072A4BAC1300220527 /* TabBarViewController.swift */; };
		EF460FBF2A1D46AE00D8F7F1 /* AppDelegate.swift in Sources */ = {isa = PBXBuildFile; fileRef = EF460FBE2A1D46AE00D8F7F1 /* AppDelegate.swift */; };
		EF460FC82A1D46B100D8F7F1 /* Assets.xcassets in Resources */ = {isa = PBXBuildFile; fileRef = EF460FC72A1D46B100D8F7F1 /* Assets.xcassets */; };
		EF460FCB2A1D46B100D8F7F1 /* LaunchScreen.storyboard in Resources */ = {isa = PBXBuildFile; fileRef = EF460FC92A1D46B100D8F7F1 /* LaunchScreen.storyboard */; };
		EF460FD62A1D46B100D8F7F1 /* BooksTests.swift in Sources */ = {isa = PBXBuildFile; fileRef = EF460FD52A1D46B100D8F7F1 /* BooksTests.swift */; };
		EF460FE02A1D46B100D8F7F1 /* BooksUITests.swift in Sources */ = {isa = PBXBuildFile; fileRef = EF460FDF2A1D46B100D8F7F1 /* BooksUITests.swift */; };
		EF460FE22A1D46B100D8F7F1 /* BooksUITestsLaunchTests.swift in Sources */ = {isa = PBXBuildFile; fileRef = EF460FE12A1D46B100D8F7F1 /* BooksUITestsLaunchTests.swift */; };
		EF460FF32A1D73E300D8F7F1 /* BookListViewController.swift in Sources */ = {isa = PBXBuildFile; fileRef = EF460FF22A1D73E300D8F7F1 /* BookListViewController.swift */; };
		EF460FF42A1D73E300D8F7F1 /* BookListViewController.swift in Sources */ = {isa = PBXBuildFile; fileRef = EF460FF22A1D73E300D8F7F1 /* BookListViewController.swift */; };
		EF460FF62A1D8A0400D8F7F1 /* BookListPresenter.swift in Sources */ = {isa = PBXBuildFile; fileRef = EF460FF52A1D8A0400D8F7F1 /* BookListPresenter.swift */; };
		EF460FF72A1D8A0400D8F7F1 /* BookListPresenter.swift in Sources */ = {isa = PBXBuildFile; fileRef = EF460FF52A1D8A0400D8F7F1 /* BookListPresenter.swift */; };
/* End PBXBuildFile section */

/* Begin PBXContainerItemProxy section */
		EF460FD22A1D46B100D8F7F1 /* PBXContainerItemProxy */ = {
			isa = PBXContainerItemProxy;
			containerPortal = EF460FB32A1D46AE00D8F7F1 /* Project object */;
			proxyType = 1;
			remoteGlobalIDString = EF460FBA2A1D46AE00D8F7F1;
			remoteInfo = Books;
		};
		EF460FDC2A1D46B100D8F7F1 /* PBXContainerItemProxy */ = {
			isa = PBXContainerItemProxy;
			containerPortal = EF460FB32A1D46AE00D8F7F1 /* Project object */;
			proxyType = 1;
			remoteGlobalIDString = EF460FBA2A1D46AE00D8F7F1;
			remoteInfo = Books;
		};
/* End PBXContainerItemProxy section */

/* Begin PBXFileReference section */
		EF3358BC2A21316D00220527 /* ScreenSizes.swift */ = {isa = PBXFileReference; lastKnownFileType = sourcecode.swift; path = ScreenSizes.swift; sourceTree = "<group>"; };
		EF3358BE2A2131A600220527 /* ActivityIndicatorView.swift */ = {isa = PBXFileReference; lastKnownFileType = sourcecode.swift; path = ActivityIndicatorView.swift; sourceTree = "<group>"; };
		EF3358C12A2137F100220527 /* UIColor+Extension.swift */ = {isa = PBXFileReference; lastKnownFileType = sourcecode.swift; path = "UIColor+Extension.swift"; sourceTree = "<group>"; };
		EF3358C32A213A5C00220527 /* String+Extension.swift */ = {isa = PBXFileReference; lastKnownFileType = sourcecode.swift; path = "String+Extension.swift"; sourceTree = "<group>"; };
		EF3358C52A21401600220527 /* NSObject+Extension.swift */ = {isa = PBXFileReference; lastKnownFileType = sourcecode.swift; path = "NSObject+Extension.swift"; sourceTree = "<group>"; };
		EF3358C72A21403C00220527 /* Colors.xcassets */ = {isa = PBXFileReference; lastKnownFileType = folder.assetcatalog; path = Colors.xcassets; sourceTree = "<group>"; };
		EF3358CA2A2143E200220527 /* MainNavigationController.swift */ = {isa = PBXFileReference; lastKnownFileType = sourcecode.swift; path = MainNavigationController.swift; sourceTree = "<group>"; };
		EF3358CE2A2145F100220527 /* BKSButon.swift */ = {isa = PBXFileReference; lastKnownFileType = sourcecode.swift; path = BKSButon.swift; sourceTree = "<group>"; };
		EF3358D02A219BBD00220527 /* GenericPlaceholderView.swift */ = {isa = PBXFileReference; lastKnownFileType = sourcecode.swift; path = GenericPlaceholderView.swift; sourceTree = "<group>"; };
		EF3358D22A219CCD00220527 /* BKSCardView.swift */ = {isa = PBXFileReference; lastKnownFileType = sourcecode.swift; path = BKSCardView.swift; sourceTree = "<group>"; };
		EF3358D72A2521C500220527 /* HighlightsTableViewCell.swift */ = {isa = PBXFileReference; lastKnownFileType = sourcecode.swift; path = HighlightsTableViewCell.swift; sourceTree = "<group>"; };
		EF3358D92A2523BA00220527 /* HighlightsCarouselFlowLayout.swift */ = {isa = PBXFileReference; lastKnownFileType = sourcecode.swift; path = HighlightsCarouselFlowLayout.swift; sourceTree = "<group>"; };
		EF3358DB2A25492600220527 /* ListItemTableViewCell.swift */ = {isa = PBXFileReference; lastKnownFileType = sourcecode.swift; path = ListItemTableViewCell.swift; sourceTree = "<group>"; };
		EF3358DE2A25741700220527 /* Book.swift */ = {isa = PBXFileReference; lastKnownFileType = sourcecode.swift; path = Book.swift; sourceTree = "<group>"; };
		EF3358E02A2577DA00220527 /* BestSellers.swift */ = {isa = PBXFileReference; lastKnownFileType = sourcecode.swift; path = BestSellers.swift; sourceTree = "<group>"; };
		EF3358E22A25807C00220527 /* HighlightCollectionViewCell.swift */ = {isa = PBXFileReference; lastKnownFileType = sourcecode.swift; path = HighlightCollectionViewCell.swift; sourceTree = "<group>"; };
		EF3358E42A258B3B00220527 /* HighlightsHeaderViewCell.swift */ = {isa = PBXFileReference; lastKnownFileType = sourcecode.swift; path = HighlightsHeaderViewCell.swift; sourceTree = "<group>"; };
		EF3358E62A258B8300220527 /* ListItemsHeaderViewCell.swift */ = {isa = PBXFileReference; lastKnownFileType = sourcecode.swift; path = ListItemsHeaderViewCell.swift; sourceTree = "<group>"; };
		EF3358E82A259CAC00220527 /* ImageProvider.swift */ = {isa = PBXFileReference; lastKnownFileType = sourcecode.swift; path = ImageProvider.swift; sourceTree = "<group>"; };
		EF3358EA2A28330800220527 /* MainService.swift */ = {isa = PBXFileReference; lastKnownFileType = sourcecode.swift; path = MainService.swift; sourceTree = "<group>"; };
		EF3358ED2A28404100220527 /* BookListService.swift */ = {isa = PBXFileReference; lastKnownFileType = sourcecode.swift; path = BookListService.swift; sourceTree = "<group>"; };
		EF3358EF2A2E832700220527 /* RequestLogUtil.swift */ = {isa = PBXFileReference; lastKnownFileType = sourcecode.swift; path = RequestLogUtil.swift; sourceTree = "<group>"; };
		EF3358F12A2E847700220527 /* Date+Extension.swift */ = {isa = PBXFileReference; lastKnownFileType = sourcecode.swift; path = "Date+Extension.swift"; sourceTree = "<group>"; };
		EF3358F32A2E970C00220527 /* UrlFactoryUtil.swift */ = {isa = PBXFileReference; lastKnownFileType = sourcecode.swift; path = UrlFactoryUtil.swift; sourceTree = "<group>"; };
		EF3358F92A2EBB7700220527 /* BaseViewController.swift */ = {isa = PBXFileReference; lastKnownFileType = sourcecode.swift; path = BaseViewController.swift; sourceTree = "<group>"; };
		EF3358FB2A2EBE8000220527 /* LoadingTableViewCell.swift */ = {isa = PBXFileReference; lastKnownFileType = sourcecode.swift; path = LoadingTableViewCell.swift; sourceTree = "<group>"; };
		EF3358FD2A2FECF200220527 /* KeychainHelper.swift */ = {isa = PBXFileReference; lastKnownFileType = sourcecode.swift; path = KeychainHelper.swift; sourceTree = "<group>"; };
		EF3358FF2A3027B200220527 /* EmptyListTableViewCell.swift */ = {isa = PBXFileReference; lastKnownFileType = sourcecode.swift; path = EmptyListTableViewCell.swift; sourceTree = "<group>"; };
		EF3359072A4BAC1300220527 /* TabBarViewController.swift */ = {isa = PBXFileReference; lastKnownFileType = sourcecode.swift; path = TabBarViewController.swift; sourceTree = "<group>"; };
		EF460FBB2A1D46AE00D8F7F1 /* Books.app */ = {isa = PBXFileReference; explicitFileType = wrapper.application; includeInIndex = 0; path = Books.app; sourceTree = BUILT_PRODUCTS_DIR; };
		EF460FBE2A1D46AE00D8F7F1 /* AppDelegate.swift */ = {isa = PBXFileReference; lastKnownFileType = sourcecode.swift; path = AppDelegate.swift; sourceTree = "<group>"; };
		EF460FC72A1D46B100D8F7F1 /* Assets.xcassets */ = {isa = PBXFileReference; lastKnownFileType = folder.assetcatalog; path = Assets.xcassets; sourceTree = "<group>"; };
		EF460FCA2A1D46B100D8F7F1 /* Base */ = {isa = PBXFileReference; lastKnownFileType = file.storyboard; name = Base; path = Base.lproj/LaunchScreen.storyboard; sourceTree = "<group>"; };
		EF460FCC2A1D46B100D8F7F1 /* Info.plist */ = {isa = PBXFileReference; lastKnownFileType = text.plist.xml; path = Info.plist; sourceTree = "<group>"; };
		EF460FD12A1D46B100D8F7F1 /* BooksTests.xctest */ = {isa = PBXFileReference; explicitFileType = wrapper.cfbundle; includeInIndex = 0; path = BooksTests.xctest; sourceTree = BUILT_PRODUCTS_DIR; };
		EF460FD52A1D46B100D8F7F1 /* BooksTests.swift */ = {isa = PBXFileReference; lastKnownFileType = sourcecode.swift; path = BooksTests.swift; sourceTree = "<group>"; };
		EF460FDB2A1D46B100D8F7F1 /* BooksUITests.xctest */ = {isa = PBXFileReference; explicitFileType = wrapper.cfbundle; includeInIndex = 0; path = BooksUITests.xctest; sourceTree = BUILT_PRODUCTS_DIR; };
		EF460FDF2A1D46B100D8F7F1 /* BooksUITests.swift */ = {isa = PBXFileReference; lastKnownFileType = sourcecode.swift; path = BooksUITests.swift; sourceTree = "<group>"; };
		EF460FE12A1D46B100D8F7F1 /* BooksUITestsLaunchTests.swift */ = {isa = PBXFileReference; lastKnownFileType = sourcecode.swift; path = BooksUITestsLaunchTests.swift; sourceTree = "<group>"; };
		EF460FF22A1D73E300D8F7F1 /* BookListViewController.swift */ = {isa = PBXFileReference; lastKnownFileType = sourcecode.swift; path = BookListViewController.swift; sourceTree = "<group>"; };
		EF460FF52A1D8A0400D8F7F1 /* BookListPresenter.swift */ = {isa = PBXFileReference; lastKnownFileType = sourcecode.swift; path = BookListPresenter.swift; sourceTree = "<group>"; };
/* End PBXFileReference section */

/* Begin PBXFrameworksBuildPhase section */
		EF460FB82A1D46AE00D8F7F1 /* Frameworks */ = {
			isa = PBXFrameworksBuildPhase;
			buildActionMask = 2147483647;
			files = (
			);
			runOnlyForDeploymentPostprocessing = 0;
		};
		EF460FCE2A1D46B100D8F7F1 /* Frameworks */ = {
			isa = PBXFrameworksBuildPhase;
			buildActionMask = 2147483647;
			files = (
			);
			runOnlyForDeploymentPostprocessing = 0;
		};
		EF460FD82A1D46B100D8F7F1 /* Frameworks */ = {
			isa = PBXFrameworksBuildPhase;
			buildActionMask = 2147483647;
			files = (
			);
			runOnlyForDeploymentPostprocessing = 0;
		};
/* End PBXFrameworksBuildPhase section */

/* Begin PBXGroup section */
		EF3358BB2A21315C00220527 /* Utils */ = {
			isa = PBXGroup;
			children = (
				EF3358BC2A21316D00220527 /* ScreenSizes.swift */,
				EF3358BE2A2131A600220527 /* ActivityIndicatorView.swift */,
				EF3358E82A259CAC00220527 /* ImageProvider.swift */,
				EF3358EA2A28330800220527 /* MainService.swift */,
				EF3358EF2A2E832700220527 /* RequestLogUtil.swift */,
				EF3358F32A2E970C00220527 /* UrlFactoryUtil.swift */,
				EF3358FD2A2FECF200220527 /* KeychainHelper.swift */,
			);
			path = Utils;
			sourceTree = "<group>";
		};
		EF3358C02A21328A00220527 /* Extensions */ = {
			isa = PBXGroup;
			children = (
				EF3358C12A2137F100220527 /* UIColor+Extension.swift */,
				EF3358C32A213A5C00220527 /* String+Extension.swift */,
				EF3358C52A21401600220527 /* NSObject+Extension.swift */,
				EF3358F12A2E847700220527 /* Date+Extension.swift */,
			);
			path = Extensions;
			sourceTree = "<group>";
		};
		EF3358C92A2143BC00220527 /* Navigation */ = {
			isa = PBXGroup;
			children = (
				EF3358CA2A2143E200220527 /* MainNavigationController.swift */,
			);
			path = Navigation;
			sourceTree = "<group>";
		};
		EF3358CC2A2143FE00220527 /* BookList */ = {
			isa = PBXGroup;
			children = (
				EF3358D42A25216900220527 /* View */,
				EF3358D62A25217700220527 /* Presenter */,
				EF3358EC2A28402500220527 /* Service */,
			);
			path = BookList;
			sourceTree = "<group>";
		};
		EF3358CD2A21442900220527 /* UIComponents */ = {
			isa = PBXGroup;
			children = (
				EF3358CE2A2145F100220527 /* BKSButon.swift */,
				EF3358D02A219BBD00220527 /* GenericPlaceholderView.swift */,
				EF3358D22A219CCD00220527 /* BKSCardView.swift */,
			);
			path = UIComponents;
			sourceTree = "<group>";
		};
		EF3358D42A25216900220527 /* View */ = {
			isa = PBXGroup;
			children = (
				EF3358D52A25217000220527 /* Cells */,
				EF460FF22A1D73E300D8F7F1 /* BookListViewController.swift */,
			);
			path = View;
			sourceTree = "<group>";
		};
		EF3358D52A25217000220527 /* Cells */ = {
			isa = PBXGroup;
			children = (
				EF3358D72A2521C500220527 /* HighlightsTableViewCell.swift */,
				EF3358D92A2523BA00220527 /* HighlightsCarouselFlowLayout.swift */,
				EF3358DB2A25492600220527 /* ListItemTableViewCell.swift */,
				EF3358E22A25807C00220527 /* HighlightCollectionViewCell.swift */,
				EF3358E42A258B3B00220527 /* HighlightsHeaderViewCell.swift */,
				EF3358E62A258B8300220527 /* ListItemsHeaderViewCell.swift */,
				EF3358FB2A2EBE8000220527 /* LoadingTableViewCell.swift */,
				EF3358FF2A3027B200220527 /* EmptyListTableViewCell.swift */,
			);
			path = Cells;
			sourceTree = "<group>";
		};
		EF3358D62A25217700220527 /* Presenter */ = {
			isa = PBXGroup;
			children = (
				EF460FF52A1D8A0400D8F7F1 /* BookListPresenter.swift */,
			);
			path = Presenter;
			sourceTree = "<group>";
		};
		EF3358DD2A25740600220527 /* Models */ = {
			isa = PBXGroup;
			children = (
				EF3358DE2A25741700220527 /* Book.swift */,
				EF3358E02A2577DA00220527 /* BestSellers.swift */,
			);
			path = Models;
			sourceTree = "<group>";
		};
		EF3358EC2A28402500220527 /* Service */ = {
			isa = PBXGroup;
			children = (
				EF3358ED2A28404100220527 /* BookListService.swift */,
			);
			path = Service;
			sourceTree = "<group>";
		};
		EF3358F72A2EBB5800220527 /* Commons */ = {
			isa = PBXGroup;
			children = (
				EF3358CD2A21442900220527 /* UIComponents */,
				EF3358DD2A25740600220527 /* Models */,
				EF3358F82A2EBB6100220527 /* Base */,
				EF3358C92A2143BC00220527 /* Navigation */,
			);
			path = Commons;
			sourceTree = "<group>";
		};
		EF3358F82A2EBB6100220527 /* Base */ = {
			isa = PBXGroup;
			children = (
				EF3358F92A2EBB7700220527 /* BaseViewController.swift */,
			);
			path = Base;
			sourceTree = "<group>";
		};
		EF3359062A4BABFC00220527 /* Tab */ = {
			isa = PBXGroup;
			children = (
				EF3359072A4BAC1300220527 /* TabBarViewController.swift */,
			);
			path = Tab;
			sourceTree = "<group>";
		};
		EF460FB22A1D46AE00D8F7F1 = {
			isa = PBXGroup;
			children = (
				EF460FBD2A1D46AE00D8F7F1 /* Books */,
				EF460FD42A1D46B100D8F7F1 /* BooksTests */,
				EF460FDE2A1D46B100D8F7F1 /* BooksUITests */,
				EF460FBC2A1D46AE00D8F7F1 /* Products */,
			);
			sourceTree = "<group>";
		};
		EF460FBC2A1D46AE00D8F7F1 /* Products */ = {
			isa = PBXGroup;
			children = (
				EF460FBB2A1D46AE00D8F7F1 /* Books.app */,
				EF460FD12A1D46B100D8F7F1 /* BooksTests.xctest */,
				EF460FDB2A1D46B100D8F7F1 /* BooksUITests.xctest */,
			);
			name = Products;
			sourceTree = "<group>";
		};
		EF460FBD2A1D46AE00D8F7F1 /* Books */ = {
			isa = PBXGroup;
			children = (
				EF460FEF2A1D739600D8F7F1 /* ApplicationStart */,
				EF460FF12A1D73B700D8F7F1 /* Sources */,
				EF460FEE2A1D737D00D8F7F1 /* Resources */,
				EF3358C02A21328A00220527 /* Extensions */,
				EF3358BB2A21315C00220527 /* Utils */,
				EF460FF02A1D73A600D8F7F1 /* SupportingFiles */,
			);
			path = Books;
			sourceTree = "<group>";
		};
		EF460FD42A1D46B100D8F7F1 /* BooksTests */ = {
			isa = PBXGroup;
			children = (
				EF460FD52A1D46B100D8F7F1 /* BooksTests.swift */,
			);
			path = BooksTests;
			sourceTree = "<group>";
		};
		EF460FDE2A1D46B100D8F7F1 /* BooksUITests */ = {
			isa = PBXGroup;
			children = (
				EF460FDF2A1D46B100D8F7F1 /* BooksUITests.swift */,
				EF460FE12A1D46B100D8F7F1 /* BooksUITestsLaunchTests.swift */,
			);
			path = BooksUITests;
			sourceTree = "<group>";
		};
		EF460FEE2A1D737D00D8F7F1 /* Resources */ = {
			isa = PBXGroup;
			children = (
				EF460FC72A1D46B100D8F7F1 /* Assets.xcassets */,
				EF3358C72A21403C00220527 /* Colors.xcassets */,
			);
			path = Resources;
			sourceTree = "<group>";
		};
		EF460FEF2A1D739600D8F7F1 /* ApplicationStart */ = {
			isa = PBXGroup;
			children = (
				EF460FBE2A1D46AE00D8F7F1 /* AppDelegate.swift */,
				EF460FC92A1D46B100D8F7F1 /* LaunchScreen.storyboard */,
			);
			path = ApplicationStart;
			sourceTree = "<group>";
		};
		EF460FF02A1D73A600D8F7F1 /* SupportingFiles */ = {
			isa = PBXGroup;
			children = (
				EF460FCC2A1D46B100D8F7F1 /* Info.plist */,
			);
			path = SupportingFiles;
			sourceTree = "<group>";
		};
		EF460FF12A1D73B700D8F7F1 /* Sources */ = {
			isa = PBXGroup;
			children = (
				EF3359062A4BABFC00220527 /* Tab */,
				EF3358F72A2EBB5800220527 /* Commons */,
				EF3358CC2A2143FE00220527 /* BookList */,
			);
			path = Sources;
			sourceTree = "<group>";
		};
/* End PBXGroup section */

/* Begin PBXNativeTarget section */
		EF460FBA2A1D46AE00D8F7F1 /* Books */ = {
			isa = PBXNativeTarget;
			buildConfigurationList = EF460FE52A1D46B100D8F7F1 /* Build configuration list for PBXNativeTarget "Books" */;
			buildPhases = (
				EF460FB72A1D46AE00D8F7F1 /* Sources */,
				EF460FB82A1D46AE00D8F7F1 /* Frameworks */,
				EF460FB92A1D46AE00D8F7F1 /* Resources */,
			);
			buildRules = (
			);
			dependencies = (
			);
			name = Books;
			productName = Books;
			productReference = EF460FBB2A1D46AE00D8F7F1 /* Books.app */;
			productType = "com.apple.product-type.application";
		};
		EF460FD02A1D46B100D8F7F1 /* BooksTests */ = {
			isa = PBXNativeTarget;
			buildConfigurationList = EF460FE82A1D46B100D8F7F1 /* Build configuration list for PBXNativeTarget "BooksTests" */;
			buildPhases = (
				EF460FCD2A1D46B100D8F7F1 /* Sources */,
				EF460FCE2A1D46B100D8F7F1 /* Frameworks */,
				EF460FCF2A1D46B100D8F7F1 /* Resources */,
			);
			buildRules = (
			);
			dependencies = (
				EF460FD32A1D46B100D8F7F1 /* PBXTargetDependency */,
			);
			name = BooksTests;
			productName = BooksTests;
			productReference = EF460FD12A1D46B100D8F7F1 /* BooksTests.xctest */;
			productType = "com.apple.product-type.bundle.unit-test";
		};
		EF460FDA2A1D46B100D8F7F1 /* BooksUITests */ = {
			isa = PBXNativeTarget;
			buildConfigurationList = EF460FEB2A1D46B100D8F7F1 /* Build configuration list for PBXNativeTarget "BooksUITests" */;
			buildPhases = (
				EF460FD72A1D46B100D8F7F1 /* Sources */,
				EF460FD82A1D46B100D8F7F1 /* Frameworks */,
				EF460FD92A1D46B100D8F7F1 /* Resources */,
			);
			buildRules = (
			);
			dependencies = (
				EF460FDD2A1D46B100D8F7F1 /* PBXTargetDependency */,
			);
			name = BooksUITests;
			productName = BooksUITests;
			productReference = EF460FDB2A1D46B100D8F7F1 /* BooksUITests.xctest */;
			productType = "com.apple.product-type.bundle.ui-testing";
		};
/* End PBXNativeTarget section */

/* Begin PBXProject section */
		EF460FB32A1D46AE00D8F7F1 /* Project object */ = {
			isa = PBXProject;
			attributes = {
				BuildIndependentTargetsInParallel = 1;
				LastSwiftUpdateCheck = 1410;
				LastUpgradeCheck = 1410;
				TargetAttributes = {
					EF460FBA2A1D46AE00D8F7F1 = {
						CreatedOnToolsVersion = 14.1;
					};
					EF460FD02A1D46B100D8F7F1 = {
						CreatedOnToolsVersion = 14.1;
						TestTargetID = EF460FBA2A1D46AE00D8F7F1;
					};
					EF460FDA2A1D46B100D8F7F1 = {
						CreatedOnToolsVersion = 14.1;
						TestTargetID = EF460FBA2A1D46AE00D8F7F1;
					};
				};
			};
			buildConfigurationList = EF460FB62A1D46AE00D8F7F1 /* Build configuration list for PBXProject "Books" */;
			compatibilityVersion = "Xcode 14.0";
			developmentRegion = en;
			hasScannedForEncodings = 0;
			knownRegions = (
				en,
				Base,
			);
			mainGroup = EF460FB22A1D46AE00D8F7F1;
			productRefGroup = EF460FBC2A1D46AE00D8F7F1 /* Products */;
			projectDirPath = "";
			projectRoot = "";
			targets = (
				EF460FBA2A1D46AE00D8F7F1 /* Books */,
				EF460FD02A1D46B100D8F7F1 /* BooksTests */,
				EF460FDA2A1D46B100D8F7F1 /* BooksUITests */,
			);
		};
/* End PBXProject section */

/* Begin PBXResourcesBuildPhase section */
		EF460FB92A1D46AE00D8F7F1 /* Resources */ = {
			isa = PBXResourcesBuildPhase;
			buildActionMask = 2147483647;
			files = (
				EF3358C82A21403C00220527 /* Colors.xcassets in Resources */,
				EF460FCB2A1D46B100D8F7F1 /* LaunchScreen.storyboard in Resources */,
				EF460FC82A1D46B100D8F7F1 /* Assets.xcassets in Resources */,
			);
			runOnlyForDeploymentPostprocessing = 0;
		};
		EF460FCF2A1D46B100D8F7F1 /* Resources */ = {
			isa = PBXResourcesBuildPhase;
			buildActionMask = 2147483647;
			files = (
			);
			runOnlyForDeploymentPostprocessing = 0;
		};
		EF460FD92A1D46B100D8F7F1 /* Resources */ = {
			isa = PBXResourcesBuildPhase;
			buildActionMask = 2147483647;
			files = (
			);
			runOnlyForDeploymentPostprocessing = 0;
		};
/* End PBXResourcesBuildPhase section */

/* Begin PBXSourcesBuildPhase section */
		EF460FB72A1D46AE00D8F7F1 /* Sources */ = {
			isa = PBXSourcesBuildPhase;
			buildActionMask = 2147483647;
			files = (
				EF3358F22A2E847700220527 /* Date+Extension.swift in Sources */,
				EF3358DF2A25741700220527 /* Book.swift in Sources */,
				EF3358FE2A2FECF200220527 /* KeychainHelper.swift in Sources */,
				EF3358DA2A2523BA00220527 /* HighlightsCarouselFlowLayout.swift in Sources */,
				EF3358E72A258B8300220527 /* ListItemsHeaderViewCell.swift in Sources */,
				EF3358EE2A28404100220527 /* BookListService.swift in Sources */,
				EF3358FA2A2EBB7700220527 /* BaseViewController.swift in Sources */,
				EF3358CB2A2143E200220527 /* MainNavigationController.swift in Sources */,
				EF3358E32A25807C00220527 /* HighlightCollectionViewCell.swift in Sources */,
				EF3358E92A259CAC00220527 /* ImageProvider.swift in Sources */,
				EF3358CF2A2145F100220527 /* BKSButon.swift in Sources */,
				EF3358F02A2E832700220527 /* RequestLogUtil.swift in Sources */,
				EF460FBF2A1D46AE00D8F7F1 /* AppDelegate.swift in Sources */,
				EF3358EB2A28330800220527 /* MainService.swift in Sources */,
				EF3358C42A213A5C00220527 /* String+Extension.swift in Sources */,
				EF3358DC2A25492600220527 /* ListItemTableViewCell.swift in Sources */,
				EF3358F42A2E970C00220527 /* UrlFactoryUtil.swift in Sources */,
				EF3358D82A2521C500220527 /* HighlightsTableViewCell.swift in Sources */,
				EF3358BF2A2131A700220527 /* ActivityIndicatorView.swift in Sources */,
				EF3358C62A21401600220527 /* NSObject+Extension.swift in Sources */,
				EF3358E12A2577DA00220527 /* BestSellers.swift in Sources */,
				EF3359002A3027B200220527 /* EmptyListTableViewCell.swift in Sources */,
				EF3358E52A258B3B00220527 /* HighlightsHeaderViewCell.swift in Sources */,
				EF3358D12A219BBD00220527 /* GenericPlaceholderView.swift in Sources */,
				EF3358FC2A2EBE8000220527 /* LoadingTableViewCell.swift in Sources */,
				EF460FF62A1D8A0400D8F7F1 /* BookListPresenter.swift in Sources */,
				EF3358C22A2137F100220527 /* UIColor+Extension.swift in Sources */,
				EF3358D32A219CCD00220527 /* BKSCardView.swift in Sources */,
				EF3358BD2A21316D00220527 /* ScreenSizes.swift in Sources */,
				EF460FF32A1D73E300D8F7F1 /* BookListViewController.swift in Sources */,
				EF3359082A4BAC1300220527 /* TabBarViewController.swift in Sources */,
			);
			runOnlyForDeploymentPostprocessing = 0;
		};
		EF460FCD2A1D46B100D8F7F1 /* Sources */ = {
			isa = PBXSourcesBuildPhase;
			buildActionMask = 2147483647;
			files = (
				EF460FD62A1D46B100D8F7F1 /* BooksTests.swift in Sources */,
				EF460FF72A1D8A0400D8F7F1 /* BookListPresenter.swift in Sources */,
				EF460FF42A1D73E300D8F7F1 /* BookListViewController.swift in Sources */,
			);
			runOnlyForDeploymentPostprocessing = 0;
		};
		EF460FD72A1D46B100D8F7F1 /* Sources */ = {
			isa = PBXSourcesBuildPhase;
			buildActionMask = 2147483647;
			files = (
				EF460FE02A1D46B100D8F7F1 /* BooksUITests.swift in Sources */,
				EF460FE22A1D46B100D8F7F1 /* BooksUITestsLaunchTests.swift in Sources */,
			);
			runOnlyForDeploymentPostprocessing = 0;
		};
/* End PBXSourcesBuildPhase section */

/* Begin PBXTargetDependency section */
		EF460FD32A1D46B100D8F7F1 /* PBXTargetDependency */ = {
			isa = PBXTargetDependency;
			target = EF460FBA2A1D46AE00D8F7F1 /* Books */;
			targetProxy = EF460FD22A1D46B100D8F7F1 /* PBXContainerItemProxy */;
		};
		EF460FDD2A1D46B100D8F7F1 /* PBXTargetDependency */ = {
			isa = PBXTargetDependency;
			target = EF460FBA2A1D46AE00D8F7F1 /* Books */;
			targetProxy = EF460FDC2A1D46B100D8F7F1 /* PBXContainerItemProxy */;
		};
/* End PBXTargetDependency section */

/* Begin PBXVariantGroup section */
		EF460FC92A1D46B100D8F7F1 /* LaunchScreen.storyboard */ = {
			isa = PBXVariantGroup;
			children = (
				EF460FCA2A1D46B100D8F7F1 /* Base */,
			);
			name = LaunchScreen.storyboard;
			sourceTree = "<group>";
		};
/* End PBXVariantGroup section */

/* Begin XCBuildConfiguration section */
		EF460FE32A1D46B100D8F7F1 /* Debug */ = {
			isa = XCBuildConfiguration;
			buildSettings = {
				ALWAYS_SEARCH_USER_PATHS = NO;
				CLANG_ANALYZER_NONNULL = YES;
				CLANG_ANALYZER_NUMBER_OBJECT_CONVERSION = YES_AGGRESSIVE;
				CLANG_CXX_LANGUAGE_STANDARD = "gnu++20";
				CLANG_ENABLE_MODULES = YES;
				CLANG_ENABLE_OBJC_ARC = YES;
				CLANG_ENABLE_OBJC_WEAK = YES;
				CLANG_WARN_BLOCK_CAPTURE_AUTORELEASING = YES;
				CLANG_WARN_BOOL_CONVERSION = YES;
				CLANG_WARN_COMMA = YES;
				CLANG_WARN_CONSTANT_CONVERSION = YES;
				CLANG_WARN_DEPRECATED_OBJC_IMPLEMENTATIONS = YES;
				CLANG_WARN_DIRECT_OBJC_ISA_USAGE = YES_ERROR;
				CLANG_WARN_DOCUMENTATION_COMMENTS = YES;
				CLANG_WARN_EMPTY_BODY = YES;
				CLANG_WARN_ENUM_CONVERSION = YES;
				CLANG_WARN_INFINITE_RECURSION = YES;
				CLANG_WARN_INT_CONVERSION = YES;
				CLANG_WARN_NON_LITERAL_NULL_CONVERSION = YES;
				CLANG_WARN_OBJC_IMPLICIT_RETAIN_SELF = YES;
				CLANG_WARN_OBJC_LITERAL_CONVERSION = YES;
				CLANG_WARN_OBJC_ROOT_CLASS = YES_ERROR;
				CLANG_WARN_QUOTED_INCLUDE_IN_FRAMEWORK_HEADER = YES;
				CLANG_WARN_RANGE_LOOP_ANALYSIS = YES;
				CLANG_WARN_STRICT_PROTOTYPES = YES;
				CLANG_WARN_SUSPICIOUS_MOVE = YES;
				CLANG_WARN_UNGUARDED_AVAILABILITY = YES_AGGRESSIVE;
				CLANG_WARN_UNREACHABLE_CODE = YES;
				CLANG_WARN__DUPLICATE_METHOD_MATCH = YES;
				COPY_PHASE_STRIP = NO;
				DEBUG_INFORMATION_FORMAT = dwarf;
				ENABLE_STRICT_OBJC_MSGSEND = YES;
				ENABLE_TESTABILITY = YES;
				GCC_C_LANGUAGE_STANDARD = gnu11;
				GCC_DYNAMIC_NO_PIC = NO;
				GCC_NO_COMMON_BLOCKS = YES;
				GCC_OPTIMIZATION_LEVEL = 0;
				GCC_PREPROCESSOR_DEFINITIONS = (
					"DEBUG=1",
					"$(inherited)",
				);
				GCC_WARN_64_TO_32_BIT_CONVERSION = YES;
				GCC_WARN_ABOUT_RETURN_TYPE = YES_ERROR;
				GCC_WARN_UNDECLARED_SELECTOR = YES;
				GCC_WARN_UNINITIALIZED_AUTOS = YES_AGGRESSIVE;
				GCC_WARN_UNUSED_FUNCTION = YES;
				GCC_WARN_UNUSED_VARIABLE = YES;
				IPHONEOS_DEPLOYMENT_TARGET = 13.0;
				MTL_ENABLE_DEBUG_INFO = INCLUDE_SOURCE;
				MTL_FAST_MATH = YES;
				ONLY_ACTIVE_ARCH = YES;
				SDKROOT = iphoneos;
				SWIFT_ACTIVE_COMPILATION_CONDITIONS = DEBUG;
				SWIFT_OPTIMIZATION_LEVEL = "-Onone";
			};
			name = Debug;
		};
		EF460FE42A1D46B100D8F7F1 /* Release */ = {
			isa = XCBuildConfiguration;
			buildSettings = {
				ALWAYS_SEARCH_USER_PATHS = NO;
				CLANG_ANALYZER_NONNULL = YES;
				CLANG_ANALYZER_NUMBER_OBJECT_CONVERSION = YES_AGGRESSIVE;
				CLANG_CXX_LANGUAGE_STANDARD = "gnu++20";
				CLANG_ENABLE_MODULES = YES;
				CLANG_ENABLE_OBJC_ARC = YES;
				CLANG_ENABLE_OBJC_WEAK = YES;
				CLANG_WARN_BLOCK_CAPTURE_AUTORELEASING = YES;
				CLANG_WARN_BOOL_CONVERSION = YES;
				CLANG_WARN_COMMA = YES;
				CLANG_WARN_CONSTANT_CONVERSION = YES;
				CLANG_WARN_DEPRECATED_OBJC_IMPLEMENTATIONS = YES;
				CLANG_WARN_DIRECT_OBJC_ISA_USAGE = YES_ERROR;
				CLANG_WARN_DOCUMENTATION_COMMENTS = YES;
				CLANG_WARN_EMPTY_BODY = YES;
				CLANG_WARN_ENUM_CONVERSION = YES;
				CLANG_WARN_INFINITE_RECURSION = YES;
				CLANG_WARN_INT_CONVERSION = YES;
				CLANG_WARN_NON_LITERAL_NULL_CONVERSION = YES;
				CLANG_WARN_OBJC_IMPLICIT_RETAIN_SELF = YES;
				CLANG_WARN_OBJC_LITERAL_CONVERSION = YES;
				CLANG_WARN_OBJC_ROOT_CLASS = YES_ERROR;
				CLANG_WARN_QUOTED_INCLUDE_IN_FRAMEWORK_HEADER = YES;
				CLANG_WARN_RANGE_LOOP_ANALYSIS = YES;
				CLANG_WARN_STRICT_PROTOTYPES = YES;
				CLANG_WARN_SUSPICIOUS_MOVE = YES;
				CLANG_WARN_UNGUARDED_AVAILABILITY = YES_AGGRESSIVE;
				CLANG_WARN_UNREACHABLE_CODE = YES;
				CLANG_WARN__DUPLICATE_METHOD_MATCH = YES;
				COPY_PHASE_STRIP = NO;
				DEBUG_INFORMATION_FORMAT = "dwarf-with-dsym";
				ENABLE_NS_ASSERTIONS = NO;
				ENABLE_STRICT_OBJC_MSGSEND = YES;
				GCC_C_LANGUAGE_STANDARD = gnu11;
				GCC_NO_COMMON_BLOCKS = YES;
				GCC_WARN_64_TO_32_BIT_CONVERSION = YES;
				GCC_WARN_ABOUT_RETURN_TYPE = YES_ERROR;
				GCC_WARN_UNDECLARED_SELECTOR = YES;
				GCC_WARN_UNINITIALIZED_AUTOS = YES_AGGRESSIVE;
				GCC_WARN_UNUSED_FUNCTION = YES;
				GCC_WARN_UNUSED_VARIABLE = YES;
				IPHONEOS_DEPLOYMENT_TARGET = 13.0;
				MTL_ENABLE_DEBUG_INFO = NO;
				MTL_FAST_MATH = YES;
				SDKROOT = iphoneos;
				SWIFT_COMPILATION_MODE = wholemodule;
				SWIFT_OPTIMIZATION_LEVEL = "-O";
				VALIDATE_PRODUCT = YES;
			};
			name = Release;
		};
		EF460FE62A1D46B100D8F7F1 /* Debug */ = {
			isa = XCBuildConfiguration;
			buildSettings = {
				ASSETCATALOG_COMPILER_APPICON_NAME = AppIcon;
				ASSETCATALOG_COMPILER_GLOBAL_ACCENT_COLOR_NAME = AccentColor;
				CODE_SIGN_STYLE = Automatic;
				CURRENT_PROJECT_VERSION = 1;
				DEVELOPMENT_TEAM = D56YT45BUR;
				GENERATE_INFOPLIST_FILE = YES;
				INFOPLIST_FILE = Books/SupportingFiles/Info.plist;
				INFOPLIST_KEY_UIApplicationSupportsIndirectInputEvents = YES;
				INFOPLIST_KEY_UILaunchStoryboardName = LaunchScreen;
				INFOPLIST_KEY_UIMainStoryboardFile = "";
				INFOPLIST_KEY_UISupportedInterfaceOrientations = UIInterfaceOrientationPortrait;
				INFOPLIST_KEY_UISupportedInterfaceOrientations_iPad = "UIInterfaceOrientationLandscapeLeft UIInterfaceOrientationLandscapeRight UIInterfaceOrientationPortrait UIInterfaceOrientationPortraitUpsideDown";
				LD_RUNPATH_SEARCH_PATHS = (
					"$(inherited)",
					"@executable_path/Frameworks",
				);
				MARKETING_VERSION = 1.0;
				PRODUCT_BUNDLE_IDENTIFIER = br.com.fernandacarvalho.Books;
				PRODUCT_NAME = "$(TARGET_NAME)";
				SUPPORTED_PLATFORMS = "iphoneos iphonesimulator";
				SUPPORTS_MACCATALYST = NO;
				SUPPORTS_MAC_DESIGNED_FOR_IPHONE_IPAD = NO;
				SWIFT_EMIT_LOC_STRINGS = YES;
				SWIFT_VERSION = 5.0;
				TARGETED_DEVICE_FAMILY = 1;
			};
			name = Debug;
		};
		EF460FE72A1D46B100D8F7F1 /* Release */ = {
			isa = XCBuildConfiguration;
			buildSettings = {
				ASSETCATALOG_COMPILER_APPICON_NAME = AppIcon;
				ASSETCATALOG_COMPILER_GLOBAL_ACCENT_COLOR_NAME = AccentColor;
				CODE_SIGN_STYLE = Automatic;
				CURRENT_PROJECT_VERSION = 1;
				DEVELOPMENT_TEAM = D56YT45BUR;
				GENERATE_INFOPLIST_FILE = YES;
				INFOPLIST_FILE = Books/SupportingFiles/Info.plist;
				INFOPLIST_KEY_UIApplicationSupportsIndirectInputEvents = YES;
				INFOPLIST_KEY_UILaunchStoryboardName = LaunchScreen;
				INFOPLIST_KEY_UIMainStoryboardFile = "";
				INFOPLIST_KEY_UISupportedInterfaceOrientations = UIInterfaceOrientationPortrait;
				INFOPLIST_KEY_UISupportedInterfaceOrientations_iPad = "UIInterfaceOrientationLandscapeLeft UIInterfaceOrientationLandscapeRight UIInterfaceOrientationPortrait UIInterfaceOrientationPortraitUpsideDown";
				LD_RUNPATH_SEARCH_PATHS = (
					"$(inherited)",
					"@executable_path/Frameworks",
				);
				MARKETING_VERSION = 1.0;
				PRODUCT_BUNDLE_IDENTIFIER = br.com.fernandacarvalho.Books;
				PRODUCT_NAME = "$(TARGET_NAME)";
				SUPPORTED_PLATFORMS = "iphoneos iphonesimulator";
				SUPPORTS_MACCATALYST = NO;
				SUPPORTS_MAC_DESIGNED_FOR_IPHONE_IPAD = NO;
				SWIFT_EMIT_LOC_STRINGS = YES;
				SWIFT_VERSION = 5.0;
				TARGETED_DEVICE_FAMILY = 1;
			};
			name = Release;
		};
		EF460FE92A1D46B100D8F7F1 /* Debug */ = {
			isa = XCBuildConfiguration;
			buildSettings = {
				ALWAYS_EMBED_SWIFT_STANDARD_LIBRARIES = YES;
				BUNDLE_LOADER = "$(TEST_HOST)";
				CODE_SIGN_STYLE = Automatic;
				CURRENT_PROJECT_VERSION = 1;
				DEVELOPMENT_TEAM = D56YT45BUR;
				GENERATE_INFOPLIST_FILE = YES;
				IPHONEOS_DEPLOYMENT_TARGET = 16.1;
				MARKETING_VERSION = 1.0;
				PRODUCT_BUNDLE_IDENTIFIER = br.com.fernandacarvalho.BooksTests;
				PRODUCT_NAME = "$(TARGET_NAME)";
				SWIFT_EMIT_LOC_STRINGS = NO;
				SWIFT_VERSION = 5.0;
				TARGETED_DEVICE_FAMILY = "1,2";
				TEST_HOST = "$(BUILT_PRODUCTS_DIR)/Books.app/$(BUNDLE_EXECUTABLE_FOLDER_PATH)/Books";
			};
			name = Debug;
		};
		EF460FEA2A1D46B100D8F7F1 /* Release */ = {
			isa = XCBuildConfiguration;
			buildSettings = {
				ALWAYS_EMBED_SWIFT_STANDARD_LIBRARIES = YES;
				BUNDLE_LOADER = "$(TEST_HOST)";
				CODE_SIGN_STYLE = Automatic;
				CURRENT_PROJECT_VERSION = 1;
				DEVELOPMENT_TEAM = D56YT45BUR;
				GENERATE_INFOPLIST_FILE = YES;
				IPHONEOS_DEPLOYMENT_TARGET = 16.1;
				MARKETING_VERSION = 1.0;
				PRODUCT_BUNDLE_IDENTIFIER = br.com.fernandacarvalho.BooksTests;
				PRODUCT_NAME = "$(TARGET_NAME)";
				SWIFT_EMIT_LOC_STRINGS = NO;
				SWIFT_VERSION = 5.0;
				TARGETED_DEVICE_FAMILY = "1,2";
				TEST_HOST = "$(BUILT_PRODUCTS_DIR)/Books.app/$(BUNDLE_EXECUTABLE_FOLDER_PATH)/Books";
			};
			name = Release;
		};
		EF460FEC2A1D46B100D8F7F1 /* Debug */ = {
			isa = XCBuildConfiguration;
			buildSettings = {
				ALWAYS_EMBED_SWIFT_STANDARD_LIBRARIES = YES;
				CODE_SIGN_STYLE = Automatic;
				CURRENT_PROJECT_VERSION = 1;
				DEVELOPMENT_TEAM = D56YT45BUR;
				GENERATE_INFOPLIST_FILE = YES;
				MARKETING_VERSION = 1.0;
				PRODUCT_BUNDLE_IDENTIFIER = br.com.fernandacarvalho.BooksUITests;
				PRODUCT_NAME = "$(TARGET_NAME)";
				SWIFT_EMIT_LOC_STRINGS = NO;
				SWIFT_VERSION = 5.0;
				TARGETED_DEVICE_FAMILY = "1,2";
				TEST_TARGET_NAME = Books;
			};
			name = Debug;
		};
		EF460FED2A1D46B100D8F7F1 /* Release */ = {
			isa = XCBuildConfiguration;
			buildSettings = {
				ALWAYS_EMBED_SWIFT_STANDARD_LIBRARIES = YES;
				CODE_SIGN_STYLE = Automatic;
				CURRENT_PROJECT_VERSION = 1;
				DEVELOPMENT_TEAM = D56YT45BUR;
				GENERATE_INFOPLIST_FILE = YES;
				MARKETING_VERSION = 1.0;
				PRODUCT_BUNDLE_IDENTIFIER = br.com.fernandacarvalho.BooksUITests;
				PRODUCT_NAME = "$(TARGET_NAME)";
				SWIFT_EMIT_LOC_STRINGS = NO;
				SWIFT_VERSION = 5.0;
				TARGETED_DEVICE_FAMILY = "1,2";
				TEST_TARGET_NAME = Books;
			};
			name = Release;
		};
/* End XCBuildConfiguration section */

/* Begin XCConfigurationList section */
		EF460FB62A1D46AE00D8F7F1 /* Build configuration list for PBXProject "Books" */ = {
			isa = XCConfigurationList;
			buildConfigurations = (
				EF460FE32A1D46B100D8F7F1 /* Debug */,
				EF460FE42A1D46B100D8F7F1 /* Release */,
			);
			defaultConfigurationIsVisible = 0;
			defaultConfigurationName = Release;
		};
		EF460FE52A1D46B100D8F7F1 /* Build configuration list for PBXNativeTarget "Books" */ = {
			isa = XCConfigurationList;
			buildConfigurations = (
				EF460FE62A1D46B100D8F7F1 /* Debug */,
				EF460FE72A1D46B100D8F7F1 /* Release */,
			);
			defaultConfigurationIsVisible = 0;
			defaultConfigurationName = Release;
		};
		EF460FE82A1D46B100D8F7F1 /* Build configuration list for PBXNativeTarget "BooksTests" */ = {
			isa = XCConfigurationList;
			buildConfigurations = (
				EF460FE92A1D46B100D8F7F1 /* Debug */,
				EF460FEA2A1D46B100D8F7F1 /* Release */,
			);
			defaultConfigurationIsVisible = 0;
			defaultConfigurationName = Release;
		};
		EF460FEB2A1D46B100D8F7F1 /* Build configuration list for PBXNativeTarget "BooksUITests" */ = {
			isa = XCConfigurationList;
			buildConfigurations = (
				EF460FEC2A1D46B100D8F7F1 /* Debug */,
				EF460FED2A1D46B100D8F7F1 /* Release */,
			);
			defaultConfigurationIsVisible = 0;
			defaultConfigurationName = Release;
		};
/* End XCConfigurationList section */
	};
	rootObject = EF460FB32A1D46AE00D8F7F1 /* Project object */;
}
